# This file was autogenerated by Stack.
# You should not edit this file by hand.
# For more information, please see the documentation at:
#   https://docs.haskellstack.org/en/stable/topics/lock_files

packages:
- completed:
    hackage: dotenv-0.12.0.0@sha256:2f25615cec37ff9a66a48ef0ebf2ac96ae989911d0c26c6796fc2f5247bdd665,4702
    pantry-tree:
      sha256: 31c08eb6dbd41eda9f0141dcb4cf8071e7650c6d97e4163d04f760e5a6fb4f79
      size: 1303
  original:
    hackage: dotenv-0.12.0.0@sha256:2f25615cec37ff9a66a48ef0ebf2ac96ae989911d0c26c6796fc2f5247bdd665,4702
snapshots:
- completed:
    sha256: 468e1afa06cd069e57554f10e84fdf1ac5e8893e3eefc503ef837e2449f7e60c
    size: 726310
    url: https://raw.githubusercontent.com/commercialhaskell/stackage-snapshots/master/lts/24/11.yaml
  original: lts-24.11
