{
  "lockfile_version": "1",
  "packages": {
    "aws-vault@7.9.9": {
      "last_modified": "2026-03-07T23:46:50Z",
      "resolved": "github:NixOS/nixpkgs/0e6cdd5be64608ef630c2e41f8d51d484468492f#aws-vault",
      "source": "devbox-search",
      "version": "7.9.9",
      "systems": {
        "aarch64-darwin": {
          "outputs": [
            {
              "name": "out",
              "path": "/nix/store/7x88zyvxmxgqwha5qz741kil4pg5mmgn-aws-vault-7.9.9",
              "default": true
            }
          ],
          "store_path": "/nix/store/7x88zyvxmxgqwha5qz741kil4pg5mmgn-aws-vault-7.9.9"
        },
        "aarch64-linux": {
          "outputs": [
            {
              "name": "out",
              "path": "/nix/store/8gr8xgjb6pqxsd386xfijg019azsxdg3-aws-vault-7.9.9",
              "default": true
            }
          ],
          "store_path": "/nix/store/8gr8xgjb6pqxsd386xfijg019azsxdg3-aws-vault-7.9.9"
        },
        "x86_64-darwin": {
          "outputs": [
            {
              "name": "out",
              "path": "/nix/store/p82m8xmnck28h57bx8cqn7bzwp15kq8a-aws-vault-7.9.9",
              "default": true
            }
          ],
          "store_path": "/nix/store/p82m8xmnck28h57bx8cqn7bzwp15kq8a-aws-vault-7.9.9"
        },
        "x86_64-linux": {
          "outputs": [
            {
              "name": "out",
              "path": "/nix/store/4iayjfx7syfr6a25riay226mhsxf5fpn-aws-vault-7.9.9",
              "default": true
            }
          ],
          "store_path": "/nix/store/4iayjfx7syfr6a25riay226mhsxf5fpn-aws-vault-7.9.9"
        }
      }
    },
    "gh@2.87.3": {
      "last_modified": "2026-02-26T05:06:13Z",
      "resolved": "github:NixOS/nixpkgs/26eaeac4e409d7b5a6bf6f90a2a2dc223c78d915#gh",
      "source": "devbox-search",
      "version": "2.87.3",
      "systems": {
        "aarch64-darwin": {
          "outputs": [
            {
              "name": "out",
              "path": "/nix/store/gkpngbiz6fys2nsxgxcd454j4ph78wxb-gh-2.87.3",
              "default": true
            }
          ],
          "store_path": "/nix/store/gkpngbiz6fys2nsxgxcd454j4ph78wxb-gh-2.87.3"
        },
        "aarch64-linux": {
          "outputs": [
            {
              "name": "out",
              "path": "/nix/store/arwzxdy2ba1p4ak0b55ln1a5xvxdws4c-gh-2.87.3",
              "default": true
            }
          ],
          "store_path": "/nix/store/arwzxdy2ba1p4ak0b55ln1a5xvxdws4c-gh-2.87.3"
        },
        "x86_64-darwin": {
          "outputs": [
            {
              "name": "out",
              "path": "/nix/store/b7cbk3r89jy5xgcvyd5nf087bbyljl9v-gh-2.87.3",
              "default": true
            }
          ],
          "store_path": "/nix/store/b7cbk3r89jy5xgcvyd5nf087bbyljl9v-gh-2.87.3"
        },
        "x86_64-linux": {
          "outputs": [
            {
              "name": "out",
              "path": "/nix/store/x0nqj95k7dbxw4d1vvsckqgl6lhmxhf1-gh-2.87.3",
              "default": true
            }
          ],
          "store_path": "/nix/store/x0nqj95k7dbxw4d1vvsckqgl6lhmxhf1-gh-2.87.3"
        }
      }
    },
    "ghc@9.8.4": {
      "last_modified": "2025-09-18T16:33:27Z",
      "plugin_version": "0.0.2",
      "resolved": "github:NixOS/nixpkgs/f4b140d5b253f5e2a1ff4e5506edbf8267724bde#ghc",
      "source": "devbox-search",
      "version": "9.8.4",
      "systems": {
        "aarch64-darwin": {
          "outputs": [
            {
              "name": "out",
              "path": "/nix/store/y28fs1fdzbax6hhyiw8b2qh7n1a0b000-ghc-9.8.4",
              "default": true
            },
            {
              "name": "doc",
              "path": "/nix/store/4gdszwbazdrlsb4q3gw0hjnpw5qaayk7-ghc-9.8.4-doc"
            }
          ],
          "store_path": "/nix/store/y28fs1fdzbax6hhyiw8b2qh7n1a0b000-ghc-9.8.4"
        },
        "aarch64-linux": {
          "outputs": [
            {
              "name": "out",
              "path": "/nix/store/nxzc41n9vyflz28kjdgcpyg40safdsm7-ghc-9.8.4",
              "default": true
            },
            {
              "name": "doc",
              "path": "/nix/store/r1xrn1iy5w2j715xibb462kjhl11rr7w-ghc-9.8.4-doc"
            }
          ],
          "store_path": "/nix/store/nxzc41n9vyflz28kjdgcpyg40safdsm7-ghc-9.8.4"
        },
        "x86_64-darwin": {
          "outputs": [
            {
              "name": "out",
              "path": "/nix/store/qviwyxlzzj23rgjqlbwp92wzc3d1vhg0-ghc-9.8.4",
              "default": true
            },
            {
              "name": "doc",
              "path": "/nix/store/ssrysrwmnb8vs3mb3jpkjvkg1xadja69-ghc-9.8.4-doc"
            }
          ],
          "store_path": "/nix/store/qviwyxlzzj23rgjqlbwp92wzc3d1vhg0-ghc-9.8.4"
        },
        "x86_64-linux": {
          "outputs": [
            {
              "name": "out",
              "path": "/nix/store/w6awqpzhn1pmfzql7ba5ar8pvs0yq5s2-ghc-9.8.4",
              "default": true
            },
            {
              "name": "doc",
              "path": "/nix/store/3v69mx1xbrn849wahk2klw8b0ajybycz-ghc-9.8.4-doc"
            }
          ],
          "store_path": "/nix/store/w6awqpzhn1pmfzql7ba5ar8pvs0yq5s2-ghc-9.8.4"
        }
      }
    },
    "github:NixOS/nixpkgs/nixpkgs-unstable": {
      "last_modified": "2026-03-06T04:25:18Z",
      "resolved": "github:NixOS/nixpkgs/e38213b91d3786389a446dfce4ff5a8aaf6012f2?lastModified=1772771118&narHash=sha256-xWzaTvmmACR%2FSRWtABgI%2FZ97lcqwJAeoSd5QW1KdK1s%3D"
    },
    "jq@1.8.1": {
      "last_modified": "2026-03-05T18:52:33Z",
      "resolved": "github:NixOS/nixpkgs/917fec990948658ef1ccd07cef2a1ef060786846#jq",
      "source": "devbox-search",
      "version": "1.8.1",
      "systems": {
        "aarch64-darwin": {
          "outputs": [
            {
              "name": "bin",
              "path": "/nix/store/qclllhrddhsqs87zrjhb0rikj9vh382g-jq-1.8.1-bin",
              "default": true
            },
            {
              "name": "man",
              "path": "/nix/store/fw0rb615pja12zpdqdn4w8bxvb310pf9-jq-1.8.1-man",
              "default": true
            },
            {
              "name": "dev",
              "path": "/nix/store/2hj3wiwnf5yjp0n176wgyd9f0ln11zhz-jq-1.8.1-dev"
            },
            {
              "name": "doc",
              "path": "/nix/store/im47zqjcdg2bhx97fkwvx7p1yzi098hz-jq-1.8.1-doc"
            },
            {
              "name": "out",
              "path": "/nix/store/w513pwkks3lw9ligjigpqniqj3dbipsl-jq-1.8.1"
            }
          ],
          "store_path": "/nix/store/qclllhrddhsqs87zrjhb0rikj9vh382g-jq-1.8.1-bin"
        },
        "aarch64-linux": {
          "outputs": [
            {
              "name": "bin",
              "path": "/nix/store/bnsyxn71xzc4nd86k6j25wmzncir628l-jq-1.8.1-bin",
              "default": true
            },
            {
              "name": "man",
              "path": "/nix/store/bl1f8rn2amdw86y6zyxybpz0g9bkd4yw-jq-1.8.1-man",
              "default": true
            },
            {
              "name": "dev",
              "path": "/nix/store/3iy3f3m2ikjsw8bmx7485flysxj1vgk7-jq-1.8.1-dev"
            },
            {
              "name": "doc",
              "path": "/nix/store/rdp9243l8x6pqmcrz99nwa4kf25km9w7-jq-1.8.1-doc"
            },
            {
              "name": "out",
              "path": "/nix/store/zglcyjcxpsnqq4ip8w2myqmlv08641b0-jq-1.8.1"
            }
          ],
          "store_path": "/nix/store/bnsyxn71xzc4nd86k6j25wmzncir628l-jq-1.8.1-bin"
        },
        "x86_64-darwin": {
          "outputs": [
            {
              "name": "bin",
              "path": "/nix/store/silqkfms6xjsaq0w3m0g6ygl4zj9992c-jq-1.8.1-bin",
              "default": true
            },
            {
              "name": "man",
              "path": "/nix/store/034cqaasry6lv5nc3nkngp2p1ww3rib6-jq-1.8.1-man",
              "default": true
            },
            {
              "name": "dev",
              "path": "/nix/store/504ml9mmnn1b1y50i6dd13kbadg4kwj9-jq-1.8.1-dev"
            },
            {
              "name": "doc",
              "path": "/nix/store/yqm1xgg9ivm1jlkn2x0bwyc3l499cw4i-jq-1.8.1-doc"
            },
            {
              "name": "out",
              "path": "/nix/store/hjc1gxah0mlc523mr4h9mxwzk7nx96hq-jq-1.8.1"
            }
          ],
          "store_path": "/nix/store/silqkfms6xjsaq0w3m0g6ygl4zj9992c-jq-1.8.1-bin"
        },
        "x86_64-linux": {
          "outputs": [
            {
              "name": "bin",
              "path": "/nix/store/jyi1vkcbaihqbfbra4qd0107sj1jhdk4-jq-1.8.1-bin",
              "default": true
            },
            {
              "name": "man",
              "path": "/nix/store/lqxm904bymdhvi8fc2l6gpj0n4wq33a8-jq-1.8.1-man",
              "default": true
            },
            {
              "name": "out",
              "path": "/nix/store/70bwclvic12925zck7za5y9g761l9kkh-jq-1.8.1"
            },
            {
              "name": "dev",
              "path": "/nix/store/1m6s8nd3x7s7jddjdgydq10c5wj4dj4h-jq-1.8.1-dev"
            },
            {
              "name": "doc",
              "path": "/nix/store/51isxd9mi828n238hj3572vmfx12msp1-jq-1.8.1-doc"
            }
          ],
          "store_path": "/nix/store/jyi1vkcbaihqbfbra4qd0107sj1jhdk4-jq-1.8.1-bin"
        }
      }
    },
    "nodejs@22": {
      "last_modified": "2026-02-23T15:40:43Z",
      "plugin_version": "0.0.2",
      "resolved": "github:NixOS/nixpkgs/80d901ec0377e19ac3f7bb8c035201e2e098cc97#nodejs_22",
      "source": "devbox-search",
      "version": "22.22.0",
      "systems": {
        "aarch64-darwin": {
          "outputs": [
            {
              "name": "out",
              "path": "/nix/store/3kkw1cwcwl0vvn4y2jkpfr3iarxaq284-nodejs-22.22.0",
              "default": true
            }
          ],
          "store_path": "/nix/store/3kkw1cwcwl0vvn4y2jkpfr3iarxaq284-nodejs-22.22.0"
        },
        "aarch64-linux": {
          "outputs": [
            {
              "name": "out",
              "path": "/nix/store/7996sfm56iryn7p639frvhajrbrb4ych-nodejs-22.22.0",
              "default": true
            }
          ],
          "store_path": "/nix/store/7996sfm56iryn7p639frvhajrbrb4ych-nodejs-22.22.0"
        },
        "x86_64-darwin": {
          "outputs": [
            {
              "name": "out",
              "path": "/nix/store/ixd7h25iyw6wc4hz37bqfg19782bm7z2-nodejs-22.22.0",
              "default": true
            }
          ],
          "store_path": "/nix/store/ixd7h25iyw6wc4hz37bqfg19782bm7z2-nodejs-22.22.0"
        },
        "x86_64-linux": {
          "outputs": [
            {
              "name": "out",
              "path": "/nix/store/b87dfjnjvg932xsw4mszjg4qmvrqzlqk-nodejs-22.22.0",
              "default": true
            }
          ],
          "store_path": "/nix/store/b87dfjnjvg932xsw4mszjg4qmvrqzlqk-nodejs-22.22.0"
        }
      }
    },
    "pinact@3.8.0": {
      "last_modified": "2026-02-23T15:40:43Z",
      "resolved": "github:NixOS/nixpkgs/80d901ec0377e19ac3f7bb8c035201e2e098cc97#pinact",
      "source": "devbox-search",
      "version": "3.8.0",
      "systems": {
        "aarch64-darwin": {
          "outputs": [
            {
              "name": "out",
              "path": "/nix/store/07rrc2dxci15vcw5iz6xia3zpch7dx08-pinact-3.8.0",
              "default": true
            }
          ],
          "store_path": "/nix/store/07rrc2dxci15vcw5iz6xia3zpch7dx08-pinact-3.8.0"
        },
        "aarch64-linux": {
          "outputs": [
            {
              "name": "out",
              "path": "/nix/store/2zfa24p0vbbgj9q2x5gzljnm7l74amaz-pinact-3.8.0",
              "default": true
            }
          ],
          "store_path": "/nix/store/2zfa24p0vbbgj9q2x5gzljnm7l74amaz-pinact-3.8.0"
        },
        "x86_64-darwin": {
          "outputs": [
            {
              "name": "out",
              "path": "/nix/store/qyxqkh69b0xz33w8y7fgg3h9x74gh2lh-pinact-3.8.0",
              "default": true
            }
          ],
          "store_path": "/nix/store/qyxqkh69b0xz33w8y7fgg3h9x74gh2lh-pinact-3.8.0"
        },
        "x86_64-linux": {
          "outputs": [
            {
              "name": "out",
              "path": "/nix/store/yzga5mx5i88zs0kxfa2wd79300xy16gj-pinact-3.8.0",
              "default": true
            }
          ],
          "store_path": "/nix/store/yzga5mx5i88zs0kxfa2wd79300xy16gj-pinact-3.8.0"
        }
      }
    },
    "pnpm@10.30.0": {
      "last_modified": "2026-02-19T06:30:45Z",
      "resolved": "github:NixOS/nixpkgs/724cf38d99ba81fbb4a347081db93e2e3a9bc2ae#pnpm",
      "source": "devbox-search",
      "version": "10.30.0",
      "systems": {
        "aarch64-darwin": {
          "outputs": [
            {
              "name": "out",
              "path": "/nix/store/p9qjh62mjklbj7l72xbx069gy75lh8lp-pnpm-10.30.0",
              "default": true
            }
          ],
          "store_path": "/nix/store/p9qjh62mjklbj7l72xbx069gy75lh8lp-pnpm-10.30.0"
        },
        "aarch64-linux": {
          "outputs": [
            {
              "name": "out",
              "path": "/nix/store/wrcy4ppj79shzr4mkkl2nmdp9i5ny5pf-pnpm-10.30.0",
              "default": true
            }
          ],
          "store_path": "/nix/store/wrcy4ppj79shzr4mkkl2nmdp9i5ny5pf-pnpm-10.30.0"
        },
        "x86_64-darwin": {
          "outputs": [
            {
              "name": "out",
              "path": "/nix/store/wqlkn1fq747cx8wxrbkqyln1n5rwvayy-pnpm-10.30.0",
              "default": true
            }
          ],
          "store_path": "/nix/store/wqlkn1fq747cx8wxrbkqyln1n5rwvayy-pnpm-10.30.0"
        },
        "x86_64-linux": {
          "outputs": [
            {
              "name": "out",
              "path": "/nix/store/dimsg0mxvqrc973zq0h477zfnm8mkjqw-pnpm-10.30.0",
              "default": true
            }
          ],
          "store_path": "/nix/store/dimsg0mxvqrc973zq0h477zfnm8mkjqw-pnpm-10.30.0"
        }
      }
    },
    "stack@3.9.1": {
      "last_modified": "2026-03-02T11:03:52Z",
      "resolved": "github:NixOS/nixpkgs/dc7513872406b53d2ff417a003895d6daffdff2f#stack",
      "source": "devbox-search",
      "version": "3.9.1",
      "systems": {
        "aarch64-linux": {
          "outputs": [
            {
              "name": "out",
              "path": "/nix/store/3mvyrx9p3g127fx9w0d2k993krchmykn-stack-3.9.1",
              "default": true
            }
          ],
          "store_path": "/nix/store/3mvyrx9p3g127fx9w0d2k993krchmykn-stack-3.9.1"
        },
        "x86_64-darwin": {
          "outputs": [
            {
              "name": "out",
              "path": "/nix/store/ksp5mribirfajqg3y1z1jfcjdsplgd06-stack-3.9.1",
              "default": true
            }
          ],
          "store_path": "/nix/store/ksp5mribirfajqg3y1z1jfcjdsplgd06-stack-3.9.1"
        },
        "x86_64-linux": {
          "outputs": [
            {
              "name": "out",
              "path": "/nix/store/9f42k2l2zf69vb6ifbhr1lplxccyi9rm-stack-3.9.1",
              "default": true
            }
          ],
          "store_path": "/nix/store/9f42k2l2zf69vb6ifbhr1lplxccyi9rm-stack-3.9.1"
        }
      }
    }
  }
}
