{
  "lockfile_version": "1",
  "packages": {
    "awscli2@2.34.24": {
      "last_modified": "2026-04-06T17:08:15Z",
      "resolved": "github:NixOS/nixpkgs/ff048610a1b698607a66f4671821716c2272dc9f#awscli2",
      "source": "devbox-search",
      "version": "2.34.24",
      "systems": {
        "aarch64-darwin": {
          "outputs": [
            {
              "name": "out",
              "path": "/nix/store/qkzc0i6cwxdv7x8h1ccn0k3j42s7lk70-awscli2-2.34.24",
              "default": true
            },
            {
              "name": "dist",
              "path": "/nix/store/a3mr70rzycxf5j7l9nm7rwnfk2j8nclx-awscli2-2.34.24-dist"
            }
          ],
          "store_path": "/nix/store/qkzc0i6cwxdv7x8h1ccn0k3j42s7lk70-awscli2-2.34.24"
        },
        "aarch64-linux": {
          "outputs": [
            {
              "name": "out",
              "path": "/nix/store/n658q1fdfdn4qhx8fv3xqjd1ll591swi-awscli2-2.34.24",
              "default": true
            },
            {
              "name": "dist",
              "path": "/nix/store/bjvf546aspgajkj915hclkavzx6z5npm-awscli2-2.34.24-dist"
            }
          ],
          "store_path": "/nix/store/n658q1fdfdn4qhx8fv3xqjd1ll591swi-awscli2-2.34.24"
        },
        "x86_64-darwin": {
          "outputs": [
            {
              "name": "out",
              "path": "/nix/store/i7sbfqly4gz1fl0kcm5mi4kv8i8mliyw-awscli2-2.34.24",
              "default": true
            },
            {
              "name": "dist",
              "path": "/nix/store/gv7c1p2isrb3w84xcph7gbnlsjwbf95c-awscli2-2.34.24-dist"
            }
          ],
          "store_path": "/nix/store/i7sbfqly4gz1fl0kcm5mi4kv8i8mliyw-awscli2-2.34.24"
        },
        "x86_64-linux": {
          "outputs": [
            {
              "name": "out",
              "path": "/nix/store/vzhhq102i6jcqv8h6p8a16ajvrl6id6j-awscli2-2.34.24",
              "default": true
            },
            {
              "name": "dist",
              "path": "/nix/store/5qgww9qa4sgcxqmkqyr1bfk0phrz156d-awscli2-2.34.24-dist"
            }
          ],
          "store_path": "/nix/store/vzhhq102i6jcqv8h6p8a16ajvrl6id6j-awscli2-2.34.24"
        }
      }
    },
    "gh@2.87.3": {
      "last_modified": "2026-02-26T05:06:13Z",
      "resolved": "github:NixOS/nixpkgs/26eaeac4e409d7b5a6bf6f90a2a2dc223c78d915#gh",
      "source": "devbox-search",
      "version": "2.87.3",
      "systems": {
        "aarch64-darwin": {
          "outputs": [
            {
              "name": "out",
              "path": "/nix/store/gkpngbiz6fys2nsxgxcd454j4ph78wxb-gh-2.87.3",
              "default": true
            }
          ],
          "store_path": "/nix/store/gkpngbiz6fys2nsxgxcd454j4ph78wxb-gh-2.87.3"
        },
        "aarch64-linux": {
          "outputs": [
            {
              "name": "out",
              "path": "/nix/store/arwzxdy2ba1p4ak0b55ln1a5xvxdws4c-gh-2.87.3",
              "default": true
            }
          ],
          "store_path": "/nix/store/arwzxdy2ba1p4ak0b55ln1a5xvxdws4c-gh-2.87.3"
        },
        "x86_64-darwin": {
          "outputs": [
            {
              "name": "out",
              "path": "/nix/store/b7cbk3r89jy5xgcvyd5nf087bbyljl9v-gh-2.87.3",
              "default": true
            }
          ],
          "store_path": "/nix/store/b7cbk3r89jy5xgcvyd5nf087bbyljl9v-gh-2.87.3"
        },
        "x86_64-linux": {
          "outputs": [
            {
              "name": "out",
              "path": "/nix/store/x0nqj95k7dbxw4d1vvsckqgl6lhmxhf1-gh-2.87.3",
              "default": true
            }
          ],
          "store_path": "/nix/store/x0nqj95k7dbxw4d1vvsckqgl6lhmxhf1-gh-2.87.3"
        }
      }
    },
    "github:NixOS/nixpkgs/nixpkgs-unstable": {
      "last_modified": "2026-03-06T04:25:18Z",
      "resolved": "github:NixOS/nixpkgs/e38213b91d3786389a446dfce4ff5a8aaf6012f2?lastModified=1772771118&narHash=sha256-xWzaTvmmACR%2FSRWtABgI%2FZ97lcqwJAeoSd5QW1KdK1s%3D"
    },
    "jq@1.8.1": {
      "last_modified": "2026-03-05T18:52:33Z",
      "resolved": "github:NixOS/nixpkgs/917fec990948658ef1ccd07cef2a1ef060786846#jq",
      "source": "devbox-search",
      "version": "1.8.1",
      "systems": {
        "aarch64-darwin": {
          "outputs": [
            {
              "name": "bin",
              "path": "/nix/store/qclllhrddhsqs87zrjhb0rikj9vh382g-jq-1.8.1-bin",
              "default": true
            },
            {
              "name": "man",
              "path": "/nix/store/fw0rb615pja12zpdqdn4w8bxvb310pf9-jq-1.8.1-man",
              "default": true
            },
            {
              "name": "dev",
              "path": "/nix/store/2hj3wiwnf5yjp0n176wgyd9f0ln11zhz-jq-1.8.1-dev"
            },
            {
              "name": "doc",
              "path": "/nix/store/im47zqjcdg2bhx97fkwvx7p1yzi098hz-jq-1.8.1-doc"
            },
            {
              "name": "out",
              "path": "/nix/store/w513pwkks3lw9ligjigpqniqj3dbipsl-jq-1.8.1"
            }
          ],
          "store_path": "/nix/store/qclllhrddhsqs87zrjhb0rikj9vh382g-jq-1.8.1-bin"
        },
        "aarch64-linux": {
          "outputs": [
            {
              "name": "bin",
              "path": "/nix/store/bnsyxn71xzc4nd86k6j25wmzncir628l-jq-1.8.1-bin",
              "default": true
            },
            {
              "name": "man",
              "path": "/nix/store/bl1f8rn2amdw86y6zyxybpz0g9bkd4yw-jq-1.8.1-man",
              "default": true
            },
            {
              "name": "dev",
              "path": "/nix/store/3iy3f3m2ikjsw8bmx7485flysxj1vgk7-jq-1.8.1-dev"
            },
            {
              "name": "doc",
              "path": "/nix/store/rdp9243l8x6pqmcrz99nwa4kf25km9w7-jq-1.8.1-doc"
            },
            {
              "name": "out",
              "path": "/nix/store/zglcyjcxpsnqq4ip8w2myqmlv08641b0-jq-1.8.1"
            }
          ],
          "store_path": "/nix/store/bnsyxn71xzc4nd86k6j25wmzncir628l-jq-1.8.1-bin"
        },
        "x86_64-darwin": {
          "outputs": [
            {
              "name": "bin",
              "path": "/nix/store/silqkfms6xjsaq0w3m0g6ygl4zj9992c-jq-1.8.1-bin",
              "default": true
            },
            {
              "name": "man",
              "path": "/nix/store/034cqaasry6lv5nc3nkngp2p1ww3rib6-jq-1.8.1-man",
              "default": true
            },
            {
              "name": "dev",
              "path": "/nix/store/504ml9mmnn1b1y50i6dd13kbadg4kwj9-jq-1.8.1-dev"
            },
            {
              "name": "doc",
              "path": "/nix/store/yqm1xgg9ivm1jlkn2x0bwyc3l499cw4i-jq-1.8.1-doc"
            },
            {
              "name": "out",
              "path": "/nix/store/hjc1gxah0mlc523mr4h9mxwzk7nx96hq-jq-1.8.1"
            }
          ],
          "store_path": "/nix/store/silqkfms6xjsaq0w3m0g6ygl4zj9992c-jq-1.8.1-bin"
        },
        "x86_64-linux": {
          "outputs": [
            {
              "name": "bin",
              "path": "/nix/store/jyi1vkcbaihqbfbra4qd0107sj1jhdk4-jq-1.8.1-bin",
              "default": true
            },
            {
              "name": "man",
              "path": "/nix/store/lqxm904bymdhvi8fc2l6gpj0n4wq33a8-jq-1.8.1-man",
              "default": true
            },
            {
              "name": "out",
              "path": "/nix/store/70bwclvic12925zck7za5y9g761l9kkh-jq-1.8.1"
            },
            {
              "name": "dev",
              "path": "/nix/store/1m6s8nd3x7s7jddjdgydq10c5wj4dj4h-jq-1.8.1-dev"
            },
            {
              "name": "doc",
              "path": "/nix/store/51isxd9mi828n238hj3572vmfx12msp1-jq-1.8.1-doc"
            }
          ],
          "store_path": "/nix/store/jyi1vkcbaihqbfbra4qd0107sj1jhdk4-jq-1.8.1-bin"
        }
      }
    },
    "nodePackages.vercel@41.4.1": {
      "last_modified": "2026-02-03T17:56:14Z",
      "resolved": "github:NixOS/nixpkgs/41965737c1797c1d83cfb0b644ed0840a6220bd1#nodePackages.vercel",
      "source": "devbox-search",
      "version": "41.4.1",
      "systems": {
        "aarch64-darwin": {
          "outputs": [
            {
              "name": "out",
              "path": "/nix/store/64wx50dw8ln60js9gb79586cn59ag1v2-vercel-41.4.1",
              "default": true
            }
          ],
          "store_path": "/nix/store/64wx50dw8ln60js9gb79586cn59ag1v2-vercel-41.4.1"
        },
        "aarch64-linux": {
          "outputs": [
            {
              "name": "out",
              "path": "/nix/store/z8yx11y1x4grsa9phxkwyhzkd60kximp-vercel-41.4.1",
              "default": true
            }
          ],
          "store_path": "/nix/store/z8yx11y1x4grsa9phxkwyhzkd60kximp-vercel-41.4.1"
        },
        "x86_64-darwin": {
          "outputs": [
            {
              "name": "out",
              "path": "/nix/store/vpflp1qzaqx0c090xj6253nzd0413sg8-vercel-41.4.1",
              "default": true
            }
          ],
          "store_path": "/nix/store/vpflp1qzaqx0c090xj6253nzd0413sg8-vercel-41.4.1"
        },
        "x86_64-linux": {
          "outputs": [
            {
              "name": "out",
              "path": "/nix/store/5izn7nkmzd20fyj7iapbks2npix2l7ki-vercel-41.4.1",
              "default": true
            }
          ],
          "store_path": "/nix/store/5izn7nkmzd20fyj7iapbks2npix2l7ki-vercel-41.4.1"
        }
      }
    },
    "nodejs@22": {
      "last_modified": "2026-02-23T15:40:43Z",
      "plugin_version": "0.0.2",
      "resolved": "github:NixOS/nixpkgs/80d901ec0377e19ac3f7bb8c035201e2e098cc97#nodejs_22",
      "source": "devbox-search",
      "version": "22.22.0",
      "systems": {
        "aarch64-darwin": {
          "outputs": [
            {
              "name": "out",
              "path": "/nix/store/3kkw1cwcwl0vvn4y2jkpfr3iarxaq284-nodejs-22.22.0",
              "default": true
            }
          ],
          "store_path": "/nix/store/3kkw1cwcwl0vvn4y2jkpfr3iarxaq284-nodejs-22.22.0"
        },
        "aarch64-linux": {
          "outputs": [
            {
              "name": "out",
              "path": "/nix/store/7996sfm56iryn7p639frvhajrbrb4ych-nodejs-22.22.0",
              "default": true
            }
          ],
          "store_path": "/nix/store/7996sfm56iryn7p639frvhajrbrb4ych-nodejs-22.22.0"
        },
        "x86_64-darwin": {
          "outputs": [
            {
              "name": "out",
              "path": "/nix/store/ixd7h25iyw6wc4hz37bqfg19782bm7z2-nodejs-22.22.0",
              "default": true
            }
          ],
          "store_path": "/nix/store/ixd7h25iyw6wc4hz37bqfg19782bm7z2-nodejs-22.22.0"
        },
        "x86_64-linux": {
          "outputs": [
            {
              "name": "out",
              "path": "/nix/store/b87dfjnjvg932xsw4mszjg4qmvrqzlqk-nodejs-22.22.0",
              "default": true
            }
          ],
          "store_path": "/nix/store/b87dfjnjvg932xsw4mszjg4qmvrqzlqk-nodejs-22.22.0"
        }
      }
    },
    "pinact@3.8.0": {
      "last_modified": "2026-02-23T15:40:43Z",
      "resolved": "github:NixOS/nixpkgs/80d901ec0377e19ac3f7bb8c035201e2e098cc97#pinact",
      "source": "devbox-search",
      "version": "3.8.0",
      "systems": {
        "aarch64-darwin": {
          "outputs": [
            {
              "name": "out",
              "path": "/nix/store/07rrc2dxci15vcw5iz6xia3zpch7dx08-pinact-3.8.0",
              "default": true
            }
          ],
          "store_path": "/nix/store/07rrc2dxci15vcw5iz6xia3zpch7dx08-pinact-3.8.0"
        },
        "aarch64-linux": {
          "outputs": [
            {
              "name": "out",
              "path": "/nix/store/2zfa24p0vbbgj9q2x5gzljnm7l74amaz-pinact-3.8.0",
              "default": true
            }
          ],
          "store_path": "/nix/store/2zfa24p0vbbgj9q2x5gzljnm7l74amaz-pinact-3.8.0"
        },
        "x86_64-darwin": {
          "outputs": [
            {
              "name": "out",
              "path": "/nix/store/qyxqkh69b0xz33w8y7fgg3h9x74gh2lh-pinact-3.8.0",
              "default": true
            }
          ],
          "store_path": "/nix/store/qyxqkh69b0xz33w8y7fgg3h9x74gh2lh-pinact-3.8.0"
        },
        "x86_64-linux": {
          "outputs": [
            {
              "name": "out",
              "path": "/nix/store/yzga5mx5i88zs0kxfa2wd79300xy16gj-pinact-3.8.0",
              "default": true
            }
          ],
          "store_path": "/nix/store/yzga5mx5i88zs0kxfa2wd79300xy16gj-pinact-3.8.0"
        }
      }
    },
    "pnpm@10.30.0": {
      "last_modified": "2026-02-19T06:30:45Z",
      "resolved": "github:NixOS/nixpkgs/724cf38d99ba81fbb4a347081db93e2e3a9bc2ae#pnpm",
      "source": "devbox-search",
      "version": "10.30.0",
      "systems": {
        "aarch64-darwin": {
          "outputs": [
            {
              "name": "out",
              "path": "/nix/store/p9qjh62mjklbj7l72xbx069gy75lh8lp-pnpm-10.30.0",
              "default": true
            }
          ],
          "store_path": "/nix/store/p9qjh62mjklbj7l72xbx069gy75lh8lp-pnpm-10.30.0"
        },
        "aarch64-linux": {
          "outputs": [
            {
              "name": "out",
              "path": "/nix/store/wrcy4ppj79shzr4mkkl2nmdp9i5ny5pf-pnpm-10.30.0",
              "default": true
            }
          ],
          "store_path": "/nix/store/wrcy4ppj79shzr4mkkl2nmdp9i5ny5pf-pnpm-10.30.0"
        },
        "x86_64-darwin": {
          "outputs": [
            {
              "name": "out",
              "path": "/nix/store/wqlkn1fq747cx8wxrbkqyln1n5rwvayy-pnpm-10.30.0",
              "default": true
            }
          ],
          "store_path": "/nix/store/wqlkn1fq747cx8wxrbkqyln1n5rwvayy-pnpm-10.30.0"
        },
        "x86_64-linux": {
          "outputs": [
            {
              "name": "out",
              "path": "/nix/store/dimsg0mxvqrc973zq0h477zfnm8mkjqw-pnpm-10.30.0",
              "default": true
            }
          ],
          "store_path": "/nix/store/dimsg0mxvqrc973zq0h477zfnm8mkjqw-pnpm-10.30.0"
        }
      }
    },
    "wrangler@4.62.0": {
      "last_modified": "2026-03-27T11:17:38Z",
      "resolved": "github:NixOS/nixpkgs/832efc09b4caf6b4569fbf9dc01bec3082a00611#wrangler",
      "source": "devbox-search",
      "version": "4.62.0",
      "systems": {
        "aarch64-darwin": {
          "outputs": [
            {
              "name": "out",
              "path": "/nix/store/5zp77gv3r8ymkyiq4095ra8yg9vb4fiw-wrangler-4.62.0",
              "default": true
            }
          ],
          "store_path": "/nix/store/5zp77gv3r8ymkyiq4095ra8yg9vb4fiw-wrangler-4.62.0"
        },
        "aarch64-linux": {
          "outputs": [
            {
              "name": "out",
              "path": "/nix/store/bgclh8ikwwq77czwpwmx5620qqcjif9l-wrangler-4.62.0",
              "default": true
            }
          ],
          "store_path": "/nix/store/bgclh8ikwwq77czwpwmx5620qqcjif9l-wrangler-4.62.0"
        },
        "x86_64-darwin": {
          "outputs": [
            {
              "name": "out",
              "path": "/nix/store/zbff62hcvs1xswy2sncayfr7n9w9iivw-wrangler-4.62.0",
              "default": true
            }
          ],
          "store_path": "/nix/store/zbff62hcvs1xswy2sncayfr7n9w9iivw-wrangler-4.62.0"
        },
        "x86_64-linux": {
          "outputs": [
            {
              "name": "out",
              "path": "/nix/store/hlsn6gxdypdsfpnkqfk5z8k0lywvsmxv-wrangler-4.62.0",
              "default": true
            }
          ],
          "store_path": "/nix/store/hlsn6gxdypdsfpnkqfk5z8k0lywvsmxv-wrangler-4.62.0"
        }
      }
    }
  }
}
