{
  "lockfile_version": "1",
  "packages": {
    "aws-vault@latest": {
      "last_modified": "2026-02-11T03:47:03Z",
      "resolved": "github:NixOS/nixpkgs/c05d2232d2feaa4c7a07f1168606917402868195#aws-vault",
      "source": "devbox-search",
      "version": "7.9.4",
      "systems": {
        "aarch64-darwin": {
          "outputs": [
            {
              "name": "out",
              "path": "/nix/store/yna3vpdradbvc8zchsk0swhrzjczjiln-aws-vault-7.9.4",
              "default": true
            }
          ],
          "store_path": "/nix/store/yna3vpdradbvc8zchsk0swhrzjczjiln-aws-vault-7.9.4"
        },
        "aarch64-linux": {
          "outputs": [
            {
              "name": "out",
              "path": "/nix/store/cbysmn9ipm7705xddcxjbxr0505ryr2h-aws-vault-7.9.4",
              "default": true
            }
          ],
          "store_path": "/nix/store/cbysmn9ipm7705xddcxjbxr0505ryr2h-aws-vault-7.9.4"
        },
        "x86_64-darwin": {
          "outputs": [
            {
              "name": "out",
              "path": "/nix/store/96dspby9fd3f57kp0bqzxp2w5gzg0jb2-aws-vault-7.9.4",
              "default": true
            }
          ],
          "store_path": "/nix/store/96dspby9fd3f57kp0bqzxp2w5gzg0jb2-aws-vault-7.9.4"
        },
        "x86_64-linux": {
          "outputs": [
            {
              "name": "out",
              "path": "/nix/store/56iaphj9xqlvggzrw8nnq2w1nq9dl6qi-aws-vault-7.9.4",
              "default": true
            }
          ],
          "store_path": "/nix/store/56iaphj9xqlvggzrw8nnq2w1nq9dl6qi-aws-vault-7.9.4"
        }
      }
    },
    "awscli2@2.33.2": {
      "last_modified": "2026-01-23T17:20:52Z",
      "resolved": "github:NixOS/nixpkgs/a1bab9e494f5f4939442a57a58d0449a109593fe#awscli2",
      "source": "devbox-search",
      "version": "2.33.2",
      "systems": {
        "aarch64-darwin": {
          "outputs": [
            {
              "name": "out",
              "path": "/nix/store/6812vpz14kjmdg44zk6rd68pigjm1ppf-awscli2-2.33.2",
              "default": true
            },
            {
              "name": "dist",
              "path": "/nix/store/qf0ylzfbs04id336lpk5p447xg3pbiwb-awscli2-2.33.2-dist"
            }
          ],
          "store_path": "/nix/store/6812vpz14kjmdg44zk6rd68pigjm1ppf-awscli2-2.33.2"
        },
        "aarch64-linux": {
          "outputs": [
            {
              "name": "out",
              "path": "/nix/store/kpda33y4sg4nblzisl41i03n9hzgcalf-awscli2-2.33.2",
              "default": true
            },
            {
              "name": "dist",
              "path": "/nix/store/5nqsg97znbj4zr9lli198b3l2aldzh2c-awscli2-2.33.2-dist"
            }
          ],
          "store_path": "/nix/store/kpda33y4sg4nblzisl41i03n9hzgcalf-awscli2-2.33.2"
        },
        "x86_64-darwin": {
          "outputs": [
            {
              "name": "out",
              "path": "/nix/store/kzlq4xl48jj0v7a4a675p4a03fmy7wx9-awscli2-2.33.2",
              "default": true
            },
            {
              "name": "dist",
              "path": "/nix/store/lpyg69n78pis2563gdrb7c139d63jind-awscli2-2.33.2-dist"
            }
          ],
          "store_path": "/nix/store/kzlq4xl48jj0v7a4a675p4a03fmy7wx9-awscli2-2.33.2"
        },
        "x86_64-linux": {
          "outputs": [
            {
              "name": "out",
              "path": "/nix/store/qwl18in1xxa7l31wzq4vl1qd45jgrkm8-awscli2-2.33.2",
              "default": true
            },
            {
              "name": "dist",
              "path": "/nix/store/z8id4ydz5b8gnqkx2jddx5hpc91k58rq-awscli2-2.33.2-dist"
            }
          ],
          "store_path": "/nix/store/qwl18in1xxa7l31wzq4vl1qd45jgrkm8-awscli2-2.33.2"
        }
      }
    },
    "gh@2.87.2": {
      "last_modified": "2026-02-23T15:40:43Z",
      "resolved": "github:NixOS/nixpkgs/80d901ec0377e19ac3f7bb8c035201e2e098cc97#gh",
      "source": "devbox-search",
      "version": "2.87.2",
      "systems": {
        "aarch64-darwin": {
          "outputs": [
            {
              "name": "out",
              "path": "/nix/store/k8cxgqj5b0xkdr1ijf4dc3xn84laxsqg-gh-2.87.2",
              "default": true
            }
          ],
          "store_path": "/nix/store/k8cxgqj5b0xkdr1ijf4dc3xn84laxsqg-gh-2.87.2"
        },
        "aarch64-linux": {
          "outputs": [
            {
              "name": "out",
              "path": "/nix/store/1b5haim3196i8ck1j11gp3hdjcwy47hy-gh-2.87.2",
              "default": true
            }
          ],
          "store_path": "/nix/store/1b5haim3196i8ck1j11gp3hdjcwy47hy-gh-2.87.2"
        },
        "x86_64-darwin": {
          "outputs": [
            {
              "name": "out",
              "path": "/nix/store/2drnvqkyd510mzi2xwi82irnaz6hm6y6-gh-2.87.2",
              "default": true
            }
          ],
          "store_path": "/nix/store/2drnvqkyd510mzi2xwi82irnaz6hm6y6-gh-2.87.2"
        },
        "x86_64-linux": {
          "outputs": [
            {
              "name": "out",
              "path": "/nix/store/bhm6ydxkk0vjqqi76ykdsw36s3rr0rw9-gh-2.87.2",
              "default": true
            }
          ],
          "store_path": "/nix/store/bhm6ydxkk0vjqqi76ykdsw36s3rr0rw9-gh-2.87.2"
        }
      }
    },
    "github:NixOS/nixpkgs/nixpkgs-unstable": {
      "last_modified": "2026-01-30T02:32:49Z",
      "resolved": "github:NixOS/nixpkgs/6308c3b21396534d8aaeac46179c14c439a89b8a?lastModified=1769740369&narHash=sha256-xKPyJoMoXfXpDM5DFDZDsi9PHArf2k5BJjvReYXoFpM%3D"
    },
    "nodejs@22": {
      "last_modified": "2026-02-04T01:49:30Z",
      "plugin_version": "0.0.2",
      "resolved": "github:NixOS/nixpkgs/aa290c9891fa4ebe88f8889e59633d20cc06a5f2#nodejs_22",
      "source": "devbox-search",
      "version": "22.22.0",
      "systems": {
        "aarch64-darwin": {
          "outputs": [
            {
              "name": "out",
              "path": "/nix/store/zphm4748w514z6p9g073f673sjl338gm-nodejs-22.22.0",
              "default": true
            },
            {
              "name": "dev",
              "path": "/nix/store/pp6k9i2dpr8rimfl5dhrpm8y2384g8l3-nodejs-22.22.0-dev"
            },
            {
              "name": "libv8",
              "path": "/nix/store/f5mnrbcj44qx8pb0xj9g71cb0ffxrmd0-nodejs-22.22.0-libv8"
            }
          ],
          "store_path": "/nix/store/zphm4748w514z6p9g073f673sjl338gm-nodejs-22.22.0"
        },
        "aarch64-linux": {
          "outputs": [
            {
              "name": "out",
              "path": "/nix/store/2hzivwi1fq7gyn42nxf1299ydza2qvqq-nodejs-22.22.0",
              "default": true
            },
            {
              "name": "dev",
              "path": "/nix/store/4m4b63ix1kljgcap8zhbpiy4xvg90n1r-nodejs-22.22.0-dev"
            },
            {
              "name": "libv8",
              "path": "/nix/store/xl8f6lq0p5lf1dixhd9rhxzkvx4lzpzl-nodejs-22.22.0-libv8"
            }
          ],
          "store_path": "/nix/store/2hzivwi1fq7gyn42nxf1299ydza2qvqq-nodejs-22.22.0"
        },
        "x86_64-darwin": {
          "outputs": [
            {
              "name": "out",
              "path": "/nix/store/2jw64xbn385nrg0dkinyxy1dk57zib21-nodejs-22.22.0",
              "default": true
            },
            {
              "name": "libv8",
              "path": "/nix/store/q81bvbbawxkm3kb741x4wmxvyyxd8w51-nodejs-22.22.0-libv8"
            },
            {
              "name": "dev",
              "path": "/nix/store/vaq9lp4bchqhvfbfjws5rx2qwx6m57pn-nodejs-22.22.0-dev"
            }
          ],
          "store_path": "/nix/store/2jw64xbn385nrg0dkinyxy1dk57zib21-nodejs-22.22.0"
        },
        "x86_64-linux": {
          "outputs": [
            {
              "name": "out",
              "path": "/nix/store/cv3yxgf7zp70wk8d8lg5zi84lg35nyxs-nodejs-22.22.0",
              "default": true
            },
            {
              "name": "libv8",
              "path": "/nix/store/vzddff6gppvny62qsvr1sgqq629laz12-nodejs-22.22.0-libv8"
            },
            {
              "name": "dev",
              "path": "/nix/store/azkh9xkfaphcs7cj5l43rh4a92zjc510-nodejs-22.22.0-dev"
            }
          ],
          "store_path": "/nix/store/cv3yxgf7zp70wk8d8lg5zi84lg35nyxs-nodejs-22.22.0"
        }
      }
    },
    "pinact@3.8.0": {
      "last_modified": "2026-01-23T17:20:52Z",
      "resolved": "github:NixOS/nixpkgs/a1bab9e494f5f4939442a57a58d0449a109593fe#pinact",
      "source": "devbox-search",
      "version": "3.8.0",
      "systems": {
        "aarch64-darwin": {
          "outputs": [
            {
              "name": "out",
              "path": "/nix/store/fiay5vwig4zzx62bg059h7pyvs2i67m7-pinact-3.8.0",
              "default": true
            }
          ],
          "store_path": "/nix/store/fiay5vwig4zzx62bg059h7pyvs2i67m7-pinact-3.8.0"
        },
        "aarch64-linux": {
          "outputs": [
            {
              "name": "out",
              "path": "/nix/store/l90z6k8v1r6b25jk8nqn7kxrgni029f3-pinact-3.8.0",
              "default": true
            }
          ],
          "store_path": "/nix/store/l90z6k8v1r6b25jk8nqn7kxrgni029f3-pinact-3.8.0"
        },
        "x86_64-darwin": {
          "outputs": [
            {
              "name": "out",
              "path": "/nix/store/p3zpwscx19j1gbhin9izbdnip3d68nbf-pinact-3.8.0",
              "default": true
            }
          ],
          "store_path": "/nix/store/p3zpwscx19j1gbhin9izbdnip3d68nbf-pinact-3.8.0"
        },
        "x86_64-linux": {
          "outputs": [
            {
              "name": "out",
              "path": "/nix/store/c522g2iwjw9pklj07a2igib4w60jrh4f-pinact-3.8.0",
              "default": true
            }
          ],
          "store_path": "/nix/store/c522g2iwjw9pklj07a2igib4w60jrh4f-pinact-3.8.0"
        }
      }
    },
    "pnpm@10.28.0": {
      "last_modified": "2026-01-23T17:20:52Z",
      "resolved": "github:NixOS/nixpkgs/a1bab9e494f5f4939442a57a58d0449a109593fe#pnpm",
      "source": "devbox-search",
      "version": "10.28.0",
      "systems": {
        "aarch64-darwin": {
          "outputs": [
            {
              "name": "out",
              "path": "/nix/store/a0i7dm3y1pdkpjc2p0lj2868iqw1cph2-pnpm-10.28.0",
              "default": true
            }
          ],
          "store_path": "/nix/store/a0i7dm3y1pdkpjc2p0lj2868iqw1cph2-pnpm-10.28.0"
        },
        "aarch64-linux": {
          "outputs": [
            {
              "name": "out",
              "path": "/nix/store/xgw9y80p9y0m5dq0qrnwwxi7fs69gm54-pnpm-10.28.0",
              "default": true
            }
          ],
          "store_path": "/nix/store/xgw9y80p9y0m5dq0qrnwwxi7fs69gm54-pnpm-10.28.0"
        },
        "x86_64-darwin": {
          "outputs": [
            {
              "name": "out",
              "path": "/nix/store/dj5b9z76cs1055rp0m8r53n5md1ismab-pnpm-10.28.0",
              "default": true
            }
          ],
          "store_path": "/nix/store/dj5b9z76cs1055rp0m8r53n5md1ismab-pnpm-10.28.0"
        },
        "x86_64-linux": {
          "outputs": [
            {
              "name": "out",
              "path": "/nix/store/q182xhmnqzff17cdg90hcp44ljgvqqr7-pnpm-10.28.0",
              "default": true
            }
          ],
          "store_path": "/nix/store/q182xhmnqzff17cdg90hcp44ljgvqqr7-pnpm-10.28.0"
        }
      }
    }
  }
}
